
Microsoft Visual Studio Solution File, Format Version 12.00
# Visual Studio Version 17
VisualStudioVersion = 17.13.35931.197 d17.13
MinimumVisualStudioVersion = 10.0.40219.1
Project("{FAE04EC0-301F-11D3-BF4B-00C04F79EFBC}") = "QuanLyTruongHoc", "QuanLyTruongHoc.csproj", "{4FB850F7-0A46-4A8A-8642-1B09369E9C72}"
EndProject
Global
	GlobalSection(SolutionConfigurationPlatforms) = preSolution
		Debug|Any CPU = Debug|Any CPU
		Release|Any CPU = Release|Any CPU
	EndGlobalSection
	GlobalSection(ProjectConfigurationPlatforms) = postSolution
		{4FB850F7-0A46-4A8A-8642-1B09369E9C72}.Debug|Any CPU.ActiveCfg = Debug|Any CPU
		{4FB850F7-0A46-4A8A-8642-1B09369E9C72}.Debug|Any CPU.Build.0 = Debug|Any CPU
		{4FB850F7-0A46-4A8A-8642-1B09369E9C72}.Release|Any CPU.ActiveCfg = Release|Any CPU
		{4FB850F7-0A46-4A8A-8642-1B09369E9C72}.Release|Any CPU.Build.0 = Release|Any CPU
	EndGlobalSection
	GlobalSection(SolutionProperties) = preSolution
		HideSolutionNode = FALSE
	EndGlobalSection
	GlobalSection(ExtensibilityGlobals) = postSolution
		SolutionGuid = {53EF0B5C-BC3B-4FFA-ADE8-562CF25679EF}
	EndGlobalSection
EndGlobal
